// !$*UTF8*$!
{
	archiveVersion = 1;
	classes = {
	};
	objectVersion = 56;
	objects = {

/* Begin PBXBuildFile section */
		8B7F292A2BF6E1B90010A525 /* iminkApp.swift in Sources */ = {isa = PBXBuildFile; fileRef = 8B7F29292BF6E1B90010A525 /* iminkApp.swift */; };
		8B7F292C2BF6E1B90010A525 /* ContentView.swift in Sources */ = {isa = PBXBuildFile; fileRef = 8B7F292B2BF6E1B90010A525 /* ContentView.swift */; };
		8B7F292E2BF6E1BB0010A525 /* Assets.xcassets in Resources */ = {isa = PBXBuildFile; fileRef = 8B7F292D2BF6E1BB0010A525 /* Assets.xcassets */; };
		8B7F29312BF6E1BB0010A525 /* Preview Assets.xcassets in Resources */ = {isa = PBXBuildFile; fileRef = 8B7F29302BF6E1BB0010A525 /* Preview Assets.xcassets */; };
		8B7F293B2BF6E1BB0010A525 /* iminkTests.swift in Sources */ = {isa = PBXBuildFile; fileRef = 8B7F293A2BF6E1BB0010A525 /* iminkTests.swift */; };
		8B7F29452BF6E1BB0010A525 /* iminkUITests.swift in Sources */ = {isa = PBXBuildFile; fileRef = 8B7F29442BF6E1BB0010A525 /* iminkUITests.swift */; };
		8B7F29472BF6E1BB0010A525 /* iminkUITestsLaunchTests.swift in Sources */ = {isa = PBXBuildFile; fileRef = 8B7F29462BF6E1BB0010A525 /* iminkUITestsLaunchTests.swift */; };
/* End PBXBuildFile section */

/* Begin PBXContainerItemProxy section */
		8B7F29372BF6E1BB0010A525 /* PBXContainerItemProxy */ = {
			isa = PBXContainerItemProxy;
			containerPortal = 8B7F291E2BF6E1B90010A525 /* Project object */;
			proxyType = 1;
			remoteGlobalIDString = 8B7F29252BF6E1B90010A525;
			remoteInfo = imink;
		};
		8B7F29412BF6E1BB0010A525 /* PBXContainerItemProxy */ = {
			isa = PBXContainerItemProxy;
			containerPortal = 8B7F291E2BF6E1B90010A525 /* Project object */;
			proxyType = 1;
			remoteGlobalIDString = 8B7F29252BF6E1B90010A525;
			remoteInfo = imink;
		};
/* End PBXContainerItemProxy section */

/* Begin PBXFileReference section */
		8B7F29262BF6E1B90010A525 /* imink.app */ = {isa = PBXFileReference; explicitFileType = wrapper.application; includeInIndex = 0; path = imink.app; sourceTree = BUILT_PRODUCTS_DIR; };
		8B7F29292BF6E1B90010A525 /* iminkApp.swift */ = {isa = PBXFileReference; lastKnownFileType = sourcecode.swift; path = iminkApp.swift; sourceTree = "<group>"; };
		8B7F292B2BF6E1B90010A525 /* ContentView.swift */ = {isa = PBXFileReference; lastKnownFileType = sourcecode.swift; path = ContentView.swift; sourceTree = "<group>"; };
		8B7F292D2BF6E1BB0010A525 /* Assets.xcassets */ = {isa = PBXFileReference; lastKnownFileType = folder.assetcatalog; path = Assets.xcassets; sourceTree = "<group>"; };
		8B7F29302BF6E1BB0010A525 /* Preview Assets.xcassets */ = {isa = PBXFileReference; lastKnownFileType = folder.assetcatalog; path = "Preview Assets.xcassets"; sourceTree = "<group>"; };
		8B7F29362BF6E1BB0010A525 /* iminkTests.xctest */ = {isa = PBXFileReference; explicitFileType = wrapper.cfbundle; includeInIndex = 0; path = iminkTests.xctest; sourceTree = BUILT_PRODUCTS_DIR; };
		8B7F293A2BF6E1BB0010A525 /* iminkTests.swift */ = {isa = PBXFileReference; lastKnownFileType = sourcecode.swift; path = iminkTests.swift; sourceTree = "<group>"; };
		8B7F29402BF6E1BB0010A525 /* iminkUITests.xctest */ = {isa = PBXFileReference; explicitFileType = wrapper.cfbundle; includeInIndex = 0; path = iminkUITests.xctest; sourceTree = BUILT_PRODUCTS_DIR; };
		8B7F29442BF6E1BB0010A525 /* iminkUITests.swift */ = {isa = PBXFileReference; lastKnownFileType = sourcecode.swift; path = iminkUITests.swift; sourceTree = "<group>"; };
		8B7F29462BF6E1BB0010A525 /* iminkUITestsLaunchTests.swift */ = {isa = PBXFileReference; lastKnownFileType = sourcecode.swift; path = iminkUITestsLaunchTests.swift; sourceTree = "<group>"; };
/* End PBXFileReference section */

/* Begin PBXFrameworksBuildPhase section */
		8B7F29232BF6E1B90010A525 /* Frameworks */ = {
			isa = PBXFrameworksBuildPhase;
			buildActionMask = 2147483647;
			files = (
			);
			runOnlyForDeploymentPostprocessing = 0;
		};
		8B7F29332BF6E1BB0010A525 /* Frameworks */ = {
			isa = PBXFrameworksBuildPhase;
			buildActionMask = 2147483647;
			files = (
			);
			runOnlyForDeploymentPostprocessing = 0;
		};
		8B7F293D2BF6E1BB0010A525 /* Frameworks */ = {
			isa = PBXFrameworksBuildPhase;
			buildActionMask = 2147483647;
			files = (
			);
			runOnlyForDeploymentPostprocessing = 0;
		};
/* End PBXFrameworksBuildPhase section */

/* Begin PBXGroup section */
		8B7F291D2BF6E1B90010A525 = {
			isa = PBXGroup;
			children = (
				8B7F29282BF6E1B90010A525 /* imink */,
				8B7F29392BF6E1BB0010A525 /* iminkTests */,
				8B7F29432BF6E1BB0010A525 /* iminkUITests */,
				8B7F29272BF6E1B90010A525 /* Products */,
			);
			sourceTree = "<group>";
		};
		8B7F29272BF6E1B90010A525 /* Products */ = {
			isa = PBXGroup;
			children = (
				8B7F29262BF6E1B90010A525 /* imink.app */,
				8B7F29362BF6E1BB0010A525 /* iminkTests.xctest */,
				8B7F29402BF6E1BB0010A525 /* iminkUITests.xctest */,
			);
			name = Products;
			sourceTree = "<group>";
		};
		8B7F29282BF6E1B90010A525 /* imink */ = {
			isa = PBXGroup;
			children = (
				8B7F29292BF6E1B90010A525 /* iminkApp.swift */,
				8B7F292B2BF6E1B90010A525 /* ContentView.swift */,
				8B7F292D2BF6E1BB0010A525 /* Assets.xcassets */,
				8B7F292F2BF6E1BB0010A525 /* Preview Content */,
			);
			path = imink;
			sourceTree = "<group>";
		};
		8B7F292F2BF6E1BB0010A525 /* Preview Content */ = {
			isa = PBXGroup;
			children = (
				8B7F29302BF6E1BB0010A525 /* Preview Assets.xcassets */,
			);
			path = "Preview Content";
			sourceTree = "<group>";
		};
		8B7F29392BF6E1BB0010A525 /* iminkTests */ = {
			isa = PBXGroup;
			children = (
				8B7F293A2BF6E1BB0010A525 /* iminkTests.swift */,
			);
			path = iminkTests;
			sourceTree = "<group>";
		};
		8B7F29432BF6E1BB0010A525 /* iminkUITests */ = {
			isa = PBXGroup;
			children = (
				8B7F29442BF6E1BB0010A525 /* iminkUITests.swift */,
				8B7F29462BF6E1BB0010A525 /* iminkUITestsLaunchTests.swift */,
			);
			path = iminkUITests;
			sourceTree = "<group>";
		};
/* End PBXGroup section */

/* Begin PBXNativeTarget section */
		8B7F29252BF6E1B90010A525 /* imink */ = {
			isa = PBXNativeTarget;
			buildConfigurationList = 8B7F294A2BF6E1BB0010A525 /* Build configuration list for PBXNativeTarget "imink" */;
			buildPhases = (
				8B7F29222BF6E1B90010A525 /* Sources */,
				8B7F29232BF6E1B90010A525 /* Frameworks */,
				8B7F29242BF6E1B90010A525 /* Resources */,
			);
			buildRules = (
			);
			dependencies = (
			);
			name = imink;
			productName = imink;
			productReference = 8B7F29262BF6E1B90010A525 /* imink.app */;
			productType = "com.apple.product-type.application";
		};
		8B7F29352BF6E1BB0010A525 /* iminkTests */ = {
			isa = PBXNativeTarget;
			buildConfigurationList = 8B7F294D2BF6E1BB0010A525 /* Build configuration list for PBXNativeTarget "iminkTests" */;
			buildPhases = (
				8B7F29322BF6E1BB0010A525 /* Sources */,
				8B7F29332BF6E1BB0010A525 /* Frameworks */,
				8B7F29342BF6E1BB0010A525 /* Resources */,
			);
			buildRules = (
			);
			dependencies = (
				8B7F29382BF6E1BB0010A525 /* PBXTargetDependency */,
			);
			name = iminkTests;
			productName = iminkTests;
			productReference = 8B7F29362BF6E1BB0010A525 /* iminkTests.xctest */;
			productType = "com.apple.product-type.bundle.unit-test";
		};
		8B7F293F2BF6E1BB0010A525 /* iminkUITests */ = {
			isa = PBXNativeTarget;
			buildConfigurationList = 8B7F29502BF6E1BB0010A525 /* Build configuration list for PBXNativeTarget "iminkUITests" */;
			buildPhases = (
				8B7F293C2BF6E1BB0010A525 /* Sources */,
				8B7F293D2BF6E1BB0010A525 /* Frameworks */,
				8B7F293E2BF6E1BB0010A525 /* Resources */,
			);
			buildRules = (
			);
			dependencies = (
				8B7F29422BF6E1BB0010A525 /* PBXTargetDependency */,
			);
			name = iminkUITests;
			productName = iminkUITests;
			productReference = 8B7F29402BF6E1BB0010A525 /* iminkUITests.xctest */;
			productType = "com.apple.product-type.bundle.ui-testing";
		};
/* End PBXNativeTarget section */

/* Begin PBXProject section */
		8B7F291E2BF6E1B90010A525 /* Project object */ = {
			isa = PBXProject;
			attributes = {
				BuildIndependentTargetsInParallel = 1;
				LastSwiftUpdateCheck = 1540;
				LastUpgradeCheck = 1540;
				TargetAttributes = {
					8B7F29252BF6E1B90010A525 = {
						CreatedOnToolsVersion = 15.4;
					};
					8B7F29352BF6E1BB0010A525 = {
						CreatedOnToolsVersion = 15.4;
						TestTargetID = 8B7F29252BF6E1B90010A525;
					};
					8B7F293F2BF6E1BB0010A525 = {
						CreatedOnToolsVersion = 15.4;
						TestTargetID = 8B7F29252BF6E1B90010A525;
					};
				};
			};
			buildConfigurationList = 8B7F29212BF6E1B90010A525 /* Build configuration list for PBXProject "imink" */;
			compatibilityVersion = "Xcode 14.0";
			developmentRegion = en;
			hasScannedForEncodings = 0;
			knownRegions = (
				en,
				Base,
			);
			mainGroup = 8B7F291D2BF6E1B90010A525;
			productRefGroup = 8B7F29272BF6E1B90010A525 /* Products */;
			projectDirPath = "";
			projectRoot = "";
			targets = (
				8B7F29252BF6E1B90010A525 /* imink */,
				8B7F29352BF6E1BB0010A525 /* iminkTests */,
				8B7F293F2BF6E1BB0010A525 /* iminkUITests */,
			);
		};
/* End PBXProject section */

/* Begin PBXResourcesBuildPhase section */
		8B7F29242BF6E1B90010A525 /* Resources */ = {
			isa = PBXResourcesBuildPhase;
			buildActionMask = 2147483647;
			files = (
				8B7F29312BF6E1BB0010A525 /* Preview Assets.xcassets in Resources */,
				8B7F292E2BF6E1BB0010A525 /* Assets.xcassets in Resources */,
			);
			runOnlyForDeploymentPostprocessing = 0;
		};
		8B7F29342BF6E1BB0010A525 /* Resources */ = {
			isa = PBXResourcesBuildPhase;
			buildActionMask = 2147483647;
			files = (
			);
			runOnlyForDeploymentPostprocessing = 0;
		};
		8B7F293E2BF6E1BB0010A525 /* Resources */ = {
			isa = PBXResourcesBuildPhase;
			buildActionMask = 2147483647;
			files = (
			);
			runOnlyForDeploymentPostprocessing = 0;
		};
/* End PBXResourcesBuildPhase section */

/* Begin PBXSourcesBuildPhase section */
		8B7F29222BF6E1B90010A525 /* Sources */ = {
			isa = PBXSourcesBuildPhase;
			buildActionMask = 2147483647;
			files = (
				8B7F292C2BF6E1B90010A525 /* ContentView.swift in Sources */,
				8B7F292A2BF6E1B90010A525 /* iminkApp.swift in Sources */,
			);
			runOnlyForDeploymentPostprocessing = 0;
		};
		8B7F29322BF6E1BB0010A525 /* Sources */ = {
			isa = PBXSourcesBuildPhase;
			buildActionMask = 2147483647;
			files = (
				8B7F293B2BF6E1BB0010A525 /* iminkTests.swift in Sources */,
			);
			runOnlyForDeploymentPostprocessing = 0;
		};
		8B7F293C2BF6E1BB0010A525 /* Sources */ = {
			isa = PBXSourcesBuildPhase;
			buildActionMask = 2147483647;
			files = (
				8B7F29452BF6E1BB0010A525 /* iminkUITests.swift in Sources */,
				8B7F29472BF6E1BB0010A525 /* iminkUITestsLaunchTests.swift in Sources */,
			);
			runOnlyForDeploymentPostprocessing = 0;
		};
/* End PBXSourcesBuildPhase section */

/* Begin PBXTargetDependency section */
		8B7F29382BF6E1BB0010A525 /* PBXTargetDependency */ = {
			isa = PBXTargetDependency;
			target = 8B7F29252BF6E1B90010A525 /* imink */;
			targetProxy = 8B7F29372BF6E1BB0010A525 /* PBXContainerItemProxy */;
		};
		8B7F29422BF6E1BB0010A525 /* PBXTargetDependency */ = {
			isa = PBXTargetDependency;
			target = 8B7F29252BF6E1B90010A525 /* imink */;
			targetProxy = 8B7F29412BF6E1BB0010A525 /* PBXContainerItemProxy */;
		};
/* End PBXTargetDependency section */

/* Begin XCBuildConfiguration section */
		8B7F29482BF6E1BB0010A525 /* Debug */ = {
			isa = XCBuildConfiguration;
			buildSettings = {
				ALWAYS_SEARCH_USER_PATHS = NO;
				ASSETCATALOG_COMPILER_GENERATE_SWIFT_ASSET_SYMBOL_EXTENSIONS = YES;
				CLANG_ANALYZER_NONNULL = YES;
				CLANG_ANALYZER_NUMBER_OBJECT_CONVERSION = YES_AGGRESSIVE;
				CLANG_CXX_LANGUAGE_STANDARD = "gnu++20";
				CLANG_ENABLE_MODULES = YES;
				CLANG_ENABLE_OBJC_ARC = YES;
				CLANG_ENABLE_OBJC_WEAK = YES;
				CLANG_WARN_BLOCK_CAPTURE_AUTORELEASING = YES;
				CLANG_WARN_BOOL_CONVERSION = YES;
				CLANG_WARN_COMMA = YES;
				CLANG_WARN_CONSTANT_CONVERSION = YES;
				CLANG_WARN_DEPRECATED_OBJC_IMPLEMENTATIONS = YES;
				CLANG_WARN_DIRECT_OBJC_ISA_USAGE = YES_ERROR;
				CLANG_WARN_DOCUMENTATION_COMMENTS = YES;
				CLANG_WARN_EMPTY_BODY = YES;
				CLANG_WARN_ENUM_CONVERSION = YES;
				CLANG_WARN_INFINITE_RECURSION = YES;
				CLANG_WARN_INT_CONVERSION = YES;
				CLANG_WARN_NON_LITERAL_NULL_CONVERSION = YES;
				CLANG_WARN_OBJC_IMPLICIT_RETAIN_SELF = YES;
				CLANG_WARN_OBJC_LITERAL_CONVERSION = YES;
				CLANG_WARN_OBJC_ROOT_CLASS = YES_ERROR;
				CLANG_WARN_QUOTED_INCLUDE_IN_FRAMEWORK_HEADER = YES;
				CLANG_WARN_RANGE_LOOP_ANALYSIS = YES;
				CLANG_WARN_STRICT_PROTOTYPES = YES;
				CLANG_WARN_SUSPICIOUS_MOVE = YES;
				CLANG_WARN_UNGUARDED_AVAILABILITY = YES_AGGRESSIVE;
				CLANG_WARN_UNREACHABLE_CODE = YES;
				CLANG_WARN__DUPLICATE_METHOD_MATCH = YES;
				COPY_PHASE_STRIP = NO;
				DEBUG_INFORMATION_FORMAT = dwarf;
				ENABLE_STRICT_OBJC_MSGSEND = YES;
				ENABLE_TESTABILITY = YES;
				ENABLE_USER_SCRIPT_SANDBOXING = YES;
				GCC_C_LANGUAGE_STANDARD = gnu17;
				GCC_DYNAMIC_NO_PIC = NO;
				GCC_NO_COMMON_BLOCKS = YES;
				GCC_OPTIMIZATION_LEVEL = 0;
				GCC_PREPROCESSOR_DEFINITIONS = (
					"DEBUG=1",
					"$(inherited)",
				);
				GCC_WARN_64_TO_32_BIT_CONVERSION = YES;
				GCC_WARN_ABOUT_RETURN_TYPE = YES_ERROR;
				GCC_WARN_UNDECLARED_SELECTOR = YES;
				GCC_WARN_UNINITIALIZED_AUTOS = YES_AGGRESSIVE;
				GCC_WARN_UNUSED_FUNCTION = YES;
				GCC_WARN_UNUSED_VARIABLE = YES;
				IPHONEOS_DEPLOYMENT_TARGET = 17.5;
				LOCALIZATION_PREFERS_STRING_CATALOGS = YES;
				MTL_ENABLE_DEBUG_INFO = INCLUDE_SOURCE;
				MTL_FAST_MATH = YES;
				ONLY_ACTIVE_ARCH = YES;
				SDKROOT = iphoneos;
				SWIFT_ACTIVE_COMPILATION_CONDITIONS = "DEBUG $(inherited)";
				SWIFT_OPTIMIZATION_LEVEL = "-Onone";
			};
			name = Debug;
		};
		8B7F29492BF6E1BB0010A525 /* Release */ = {
			isa = XCBuildConfiguration;
			buildSettings = {
				ALWAYS_SEARCH_USER_PATHS = NO;
				ASSETCATALOG_COMPILER_GENERATE_SWIFT_ASSET_SYMBOL_EXTENSIONS = YES;
				CLANG_ANALYZER_NONNULL = YES;
				CLANG_ANALYZER_NUMBER_OBJECT_CONVERSION = YES_AGGRESSIVE;
				CLANG_CXX_LANGUAGE_STANDARD = "gnu++20";
				CLANG_ENABLE_MODULES = YES;
				CLANG_ENABLE_OBJC_ARC = YES;
				CLANG_ENABLE_OBJC_WEAK = YES;
				CLANG_WARN_BLOCK_CAPTURE_AUTORELEASING = YES;
				CLANG_WARN_BOOL_CONVERSION = YES;
				CLANG_WARN_COMMA = YES;
				CLANG_WARN_CONSTANT_CONVERSION = YES;
				CLANG_WARN_DEPRECATED_OBJC_IMPLEMENTATIONS = YES;
				CLANG_WARN_DIRECT_OBJC_ISA_USAGE = YES_ERROR;
				CLANG_WARN_DOCUMENTATION_COMMENTS = YES;
				CLANG_WARN_EMPTY_BODY = YES;
				CLANG_WARN_ENUM_CONVERSION = YES;
				CLANG_WARN_INFINITE_RECURSION = YES;
				CLANG_WARN_INT_CONVERSION = YES;
				CLANG_WARN_NON_LITERAL_NULL_CONVERSION = YES;
				CLANG_WARN_OBJC_IMPLICIT_RETAIN_SELF = YES;
				CLANG_WARN_OBJC_LITERAL_CONVERSION = YES;
				CLANG_WARN_OBJC_ROOT_CLASS = YES_ERROR;
				CLANG_WARN_QUOTED_INCLUDE_IN_FRAMEWORK_HEADER = YES;
				CLANG_WARN_RANGE_LOOP_ANALYSIS = YES;
				CLANG_WARN_STRICT_PROTOTYPES = YES;
				CLANG_WARN_SUSPICIOUS_MOVE = YES;
				CLANG_WARN_UNGUARDED_AVAILABILITY = YES_AGGRESSIVE;
				CLANG_WARN_UNREACHABLE_CODE = YES;
				CLANG_WARN__DUPLICATE_METHOD_MATCH = YES;
				COPY_PHASE_STRIP = NO;
				DEBUG_INFORMATION_FORMAT = "dwarf-with-dsym";
				ENABLE_NS_ASSERTIONS = NO;
				ENABLE_STRICT_OBJC_MSGSEND = YES;
				ENABLE_USER_SCRIPT_SANDBOXING = YES;
				GCC_C_LANGUAGE_STANDARD = gnu17;
				GCC_NO_COMMON_BLOCKS = YES;
				GCC_WARN_64_TO_32_BIT_CONVERSION = YES;
				GCC_WARN_ABOUT_RETURN_TYPE = YES_ERROR;
				GCC_WARN_UNDECLARED_SELECTOR = YES;
				GCC_WARN_UNINITIALIZED_AUTOS = YES_AGGRESSIVE;
				GCC_WARN_UNUSED_FUNCTION = YES;
				GCC_WARN_UNUSED_VARIABLE = YES;
				IPHONEOS_DEPLOYMENT_TARGET = 17.5;
				LOCALIZATION_PREFERS_STRING_CATALOGS = YES;
				MTL_ENABLE_DEBUG_INFO = NO;
				MTL_FAST_MATH = YES;
				SDKROOT = iphoneos;
				SWIFT_COMPILATION_MODE = wholemodule;
				VALIDATE_PRODUCT = YES;
			};
			name = Release;
		};
		8B7F294B2BF6E1BB0010A525 /* Debug */ = {
			isa = XCBuildConfiguration;
			buildSettings = {
				ASSETCATALOG_COMPILER_APPICON_NAME = AppIcon;
				ASSETCATALOG_COMPILER_GLOBAL_ACCENT_COLOR_NAME = AccentColor;
				CODE_SIGN_STYLE = Automatic;
				CURRENT_PROJECT_VERSION = 1;
				DEVELOPMENT_ASSET_PATHS = "\"imink/Preview Content\"";
				DEVELOPMENT_TEAM = 2ST3TQ6FXT;
				ENABLE_PREVIEWS = YES;
				GENERATE_INFOPLIST_FILE = YES;
				INFOPLIST_KEY_UIApplicationSceneManifest_Generation = YES;
				INFOPLIST_KEY_UIApplicationSupportsIndirectInputEvents = YES;
				INFOPLIST_KEY_UILaunchScreen_Generation = YES;
				INFOPLIST_KEY_UISupportedInterfaceOrientations_iPad = "UIInterfaceOrientationPortrait UIInterfaceOrientationPortraitUpsideDown UIInterfaceOrientationLandscapeLeft UIInterfaceOrientationLandscapeRight";
				INFOPLIST_KEY_UISupportedInterfaceOrientations_iPhone = "UIInterfaceOrientationPortrait UIInterfaceOrientationLandscapeLeft UIInterfaceOrientationLandscapeRight";
				LD_RUNPATH_SEARCH_PATHS = (
					"$(inherited)",
					"@executable_path/Frameworks",
				);
				MARKETING_VERSION = 1.0;
				PRODUCT_BUNDLE_IDENTIFIER = jiangfeng.imink;
				PRODUCT_NAME = "$(TARGET_NAME)";
				SWIFT_EMIT_LOC_STRINGS = YES;
				SWIFT_VERSION = 5.0;
				TARGETED_DEVICE_FAMILY = "1,2";
			};
			name = Debug;
		};
		8B7F294C2BF6E1BB0010A525 /* Release */ = {
			isa = XCBuildConfiguration;
			buildSettings = {
				ASSETCATALOG_COMPILER_APPICON_NAME = AppIcon;
				ASSETCATALOG_COMPILER_GLOBAL_ACCENT_COLOR_NAME = AccentColor;
				CODE_SIGN_STYLE = Automatic;
				CURRENT_PROJECT_VERSION = 1;
				DEVELOPMENT_ASSET_PATHS = "\"imink/Preview Content\"";
				DEVELOPMENT_TEAM = 2ST3TQ6FXT;
				ENABLE_PREVIEWS = YES;
				GENERATE_INFOPLIST_FILE = YES;
				INFOPLIST_KEY_UIApplicationSceneManifest_Generation = YES;
				INFOPLIST_KEY_UIApplicationSupportsIndirectInputEvents = YES;
				INFOPLIST_KEY_UILaunchScreen_Generation = YES;
				INFOPLIST_KEY_UISupportedInterfaceOrientations_iPad = "UIInterfaceOrientationPortrait UIInterfaceOrientationPortraitUpsideDown UIInterfaceOrientationLandscapeLeft UIInterfaceOrientationLandscapeRight";
				INFOPLIST_KEY_UISupportedInterfaceOrientations_iPhone = "UIInterfaceOrientationPortrait UIInterfaceOrientationLandscapeLeft UIInterfaceOrientationLandscapeRight";
				LD_RUNPATH_SEARCH_PATHS = (
					"$(inherited)",
					"@executable_path/Frameworks",
				);
				MARKETING_VERSION = 1.0;
				PRODUCT_BUNDLE_IDENTIFIER = jiangfeng.imink;
				PRODUCT_NAME = "$(TARGET_NAME)";
				SWIFT_EMIT_LOC_STRINGS = YES;
				SWIFT_VERSION = 5.0;
				TARGETED_DEVICE_FAMILY = "1,2";
			};
			name = Release;
		};
		8B7F294E2BF6E1BB0010A525 /* Debug */ = {
			isa = XCBuildConfiguration;
			buildSettings = {
				ALWAYS_EMBED_SWIFT_STANDARD_LIBRARIES = YES;
				BUNDLE_LOADER = "$(TEST_HOST)";
				CODE_SIGN_STYLE = Automatic;
				CURRENT_PROJECT_VERSION = 1;
				DEVELOPMENT_TEAM = 2ST3TQ6FXT;
				GENERATE_INFOPLIST_FILE = YES;
				IPHONEOS_DEPLOYMENT_TARGET = 17.5;
				MARKETING_VERSION = 1.0;
				PRODUCT_BUNDLE_IDENTIFIER = jiangfeng.iminkTests;
				PRODUCT_NAME = "$(TARGET_NAME)";
				SWIFT_EMIT_LOC_STRINGS = NO;
				SWIFT_VERSION = 5.0;
				TARGETED_DEVICE_FAMILY = "1,2";
				TEST_HOST = "$(BUILT_PRODUCTS_DIR)/imink.app/$(BUNDLE_EXECUTABLE_FOLDER_PATH)/imink";
			};
			name = Debug;
		};
		8B7F294F2BF6E1BB0010A525 /* Release */ = {
			isa = XCBuildConfiguration;
			buildSettings = {
				ALWAYS_EMBED_SWIFT_STANDARD_LIBRARIES = YES;
				BUNDLE_LOADER = "$(TEST_HOST)";
				CODE_SIGN_STYLE = Automatic;
				CURRENT_PROJECT_VERSION = 1;
				DEVELOPMENT_TEAM = 2ST3TQ6FXT;
				GENERATE_INFOPLIST_FILE = YES;
				IPHONEOS_DEPLOYMENT_TARGET = 17.5;
				MARKETING_VERSION = 1.0;
				PRODUCT_BUNDLE_IDENTIFIER = jiangfeng.iminkTests;
				PRODUCT_NAME = "$(TARGET_NAME)";
				SWIFT_EMIT_LOC_STRINGS = NO;
				SWIFT_VERSION = 5.0;
				TARGETED_DEVICE_FAMILY = "1,2";
				TEST_HOST = "$(BUILT_PRODUCTS_DIR)/imink.app/$(BUNDLE_EXECUTABLE_FOLDER_PATH)/imink";
			};
			name = Release;
		};
		8B7F29512BF6E1BB0010A525 /* Debug */ = {
			isa = XCBuildConfiguration;
			buildSettings = {
				ALWAYS_EMBED_SWIFT_STANDARD_LIBRARIES = YES;
				CODE_SIGN_STYLE = Automatic;
				CURRENT_PROJECT_VERSION = 1;
				DEVELOPMENT_TEAM = 2ST3TQ6FXT;
				GENERATE_INFOPLIST_FILE = YES;
				MARKETING_VERSION = 1.0;
				PRODUCT_BUNDLE_IDENTIFIER = jiangfeng.iminkUITests;
				PRODUCT_NAME = "$(TARGET_NAME)";
				SWIFT_EMIT_LOC_STRINGS = NO;
				SWIFT_VERSION = 5.0;
				TARGETED_DEVICE_FAMILY = "1,2";
				TEST_TARGET_NAME = imink;
			};
			name = Debug;
		};
		8B7F29522BF6E1BB0010A525 /* Release */ = {
			isa = XCBuildConfiguration;
			buildSettings = {
				ALWAYS_EMBED_SWIFT_STANDARD_LIBRARIES = YES;
				CODE_SIGN_STYLE = Automatic;
				CURRENT_PROJECT_VERSION = 1;
				DEVELOPMENT_TEAM = 2ST3TQ6FXT;
				GENERATE_INFOPLIST_FILE = YES;
				MARKETING_VERSION = 1.0;
				PRODUCT_BUNDLE_IDENTIFIER = jiangfeng.iminkUITests;
				PRODUCT_NAME = "$(TARGET_NAME)";
				SWIFT_EMIT_LOC_STRINGS = NO;
				SWIFT_VERSION = 5.0;
				TARGETED_DEVICE_FAMILY = "1,2";
				TEST_TARGET_NAME = imink;
			};
			name = Release;
		};
/* End XCBuildConfiguration section */

/* Begin XCConfigurationList section */
		8B7F29212BF6E1B90010A525 /* Build configuration list for PBXProject "imink" */ = {
			isa = XCConfigurationList;
			buildConfigurations = (
				8B7F29482BF6E1BB0010A525 /* Debug */,
				8B7F29492BF6E1BB0010A525 /* Release */,
			);
			defaultConfigurationIsVisible = 0;
			defaultConfigurationName = Release;
		};
		8B7F294A2BF6E1BB0010A525 /* Build configuration list for PBXNativeTarget "imink" */ = {
			isa = XCConfigurationList;
			buildConfigurations = (
				8B7F294B2BF6E1BB0010A525 /* Debug */,
				8B7F294C2BF6E1BB0010A525 /* Release */,
			);
			defaultConfigurationIsVisible = 0;
			defaultConfigurationName = Release;
		};
		8B7F294D2BF6E1BB0010A525 /* Build configuration list for PBXNativeTarget "iminkTests" */ = {
			isa = XCConfigurationList;
			buildConfigurations = (
				8B7F294E2BF6E1BB0010A525 /* Debug */,
				8B7F294F2BF6E1BB0010A525 /* Release */,
			);
			defaultConfigurationIsVisible = 0;
			defaultConfigurationName = Release;
		};
		8B7F29502BF6E1BB0010A525 /* Build configuration list for PBXNativeTarget "iminkUITests" */ = {
			isa = XCConfigurationList;
			buildConfigurations = (
				8B7F29512BF6E1BB0010A525 /* Debug */,
				8B7F29522BF6E1BB0010A525 /* Release */,
			);
			defaultConfigurationIsVisible = 0;
			defaultConfigurationName = Release;
		};
/* End XCConfigurationList section */
	};
	rootObject = 8B7F291E2BF6E1B90010A525 /* Project object */;
}
